
Microsoft Visual Studio Solution File, Format Version 12.00
# Visual Studio Version 17
VisualStudioVersion = 17.3.32819.101
MinimumVisualStudioVersion = 10.0.40219.1
Project("{888888A0-9F3D-457C-B088-3A5042F75D52}") = "Kap 5 uppgift 10", "Kap 5 uppgift 10\Kap 5 uppgift 10.pyproj", "{E4D7D870-7FC7-4AD7-BFBA-953D4C944502}"
EndProject
Global
	GlobalSection(SolutionConfigurationPlatforms) = preSolution
		Debug|Any CPU = Debug|Any CPU
		Release|Any CPU = Release|Any CPU
	EndGlobalSection
	GlobalSection(ProjectConfigurationPlatforms) = postSolution
		{E4D7D870-7FC7-4AD7-BFBA-953D4C944502}.Debug|Any CPU.ActiveCfg = Debug|Any CPU
		{E4D7D870-7FC7-4AD7-BFBA-953D4C944502}.Release|Any CPU.ActiveCfg = Release|Any CPU
	EndGlobalSection
	GlobalSection(SolutionProperties) = preSolution
		HideSolutionNode = FALSE
	EndGlobalSection
	GlobalSection(ExtensibilityGlobals) = postSolution
		SolutionGuid = {B8087E75-BD47-459C-A311-7B560C01FB75}
	EndGlobalSection
EndGlobal
